
Microsoft Visual Studio Solution File, Format Version 12.00
# Visual Studio 15
Project("{FAE04EC0-301F-11D3-BF4B-00C04F79EFBC}") = "Unity.XR.Interaction.Toolkit.Samples.StarterAssets", "Unity.XR.Interaction.Toolkit.Samples.StarterAssets.csproj", "{44C0048D-76B9-6FCB-4D42-579DE5B9D018}"
EndProject
Project("{FAE04EC0-301F-11D3-BF4B-00C04F79EFBC}") = "Assembly-CSharp", "Assembly-CSharp.csproj", "{CBC06BAE-1CAC-69A8-3D17-042316A23D6E}"
EndProject
Project("{FAE04EC0-301F-11D3-BF4B-00C04F79EFBC}") = "Unity.XR.Interaction.Toolkit.Samples.StarterAssets.Editor", "Unity.XR.Interaction.Toolkit.Samples.StarterAssets.Editor.csproj", "{45F6A21C-946E-5D11-6DB5-BC25AC5244F1}"
EndProject
Global
	GlobalSection(SolutionConfigurationPlatforms) = preSolution
		Debug|Any CPU = Debug|Any CPU
		Release|Any CPU = Release|Any CPU
	EndGlobalSection
	GlobalSection(ProjectConfigurationPlatforms) = postSolution
		{44C0048D-76B9-6FCB-4D42-579DE5B9D018}.Debug|Any CPU.ActiveCfg = Debug|Any CPU
		{44C0048D-76B9-6FCB-4D42-579DE5B9D018}.Debug|Any CPU.Build.0 = Debug|Any CPU
		{44C0048D-76B9-6FCB-4D42-579DE5B9D018}.Release|Any CPU.ActiveCfg = Release|Any CPU
		{44C0048D-76B9-6FCB-4D42-579DE5B9D018}.Release|Any CPU.Build.0 = Release|Any CPU
		{CBC06BAE-1CAC-69A8-3D17-042316A23D6E}.Debug|Any CPU.ActiveCfg = Debug|Any CPU
		{CBC06BAE-1CAC-69A8-3D17-042316A23D6E}.Debug|Any CPU.Build.0 = Debug|Any CPU
		{CBC06BAE-1CAC-69A8-3D17-042316A23D6E}.Release|Any CPU.ActiveCfg = Release|Any CPU
		{CBC06BAE-1CAC-69A8-3D17-042316A23D6E}.Release|Any CPU.Build.0 = Release|Any CPU
		{45F6A21C-946E-5D11-6DB5-BC25AC5244F1}.Debug|Any CPU.ActiveCfg = Debug|Any CPU
		{45F6A21C-946E-5D11-6DB5-BC25AC5244F1}.Debug|Any CPU.Build.0 = Debug|Any CPU
		{45F6A21C-946E-5D11-6DB5-BC25AC5244F1}.Release|Any CPU.ActiveCfg = Release|Any CPU
		{45F6A21C-946E-5D11-6DB5-BC25AC5244F1}.Release|Any CPU.Build.0 = Release|Any CPU
	EndGlobalSection
	GlobalSection(SolutionProperties) = preSolution
		HideSolutionNode = FALSE
	EndGlobalSection
EndGlobal
